
Microsoft Visual Studio Solution File, Format Version 12.00
# Visual Studio Version 16
VisualStudioVersion = 16.0.31005.135
MinimumVisualStudioVersion = 10.0.40219.1
Project("{FAE04EC0-301F-11D3-BF4B-00C04F79EFBC}") = "RPG-Game", "RPG-Game\RPG-Game.csproj", "{43069C89-B496-4991-9AC1-207954DF0323}"
EndProject
Global
	GlobalSection(SolutionConfigurationPlatforms) = preSolution
		Debug|Any CPU = Debug|Any CPU
		Release|Any CPU = Release|Any CPU
	EndGlobalSection
	GlobalSection(ProjectConfigurationPlatforms) = postSolution
		{43069C89-B496-4991-9AC1-207954DF0323}.Debug|Any CPU.ActiveCfg = Debug|Any CPU
		{43069C89-B496-4991-9AC1-207954DF0323}.Debug|Any CPU.Build.0 = Debug|Any CPU
		{43069C89-B496-4991-9AC1-207954DF0323}.Release|Any CPU.ActiveCfg = Release|Any CPU
		{43069C89-B496-4991-9AC1-207954DF0323}.Release|Any CPU.Build.0 = Release|Any CPU
	EndGlobalSection
	GlobalSection(SolutionProperties) = preSolution
		HideSolutionNode = FALSE
	EndGlobalSection
	GlobalSection(ExtensibilityGlobals) = postSolution
		SolutionGuid = {3BB08A9F-ECBE-4660-AFCA-4D1649692B22}
	EndGlobalSection
EndGlobal
